// !$*UTF8*$!
{
	archiveVersion = 1;
	classes = {
	};
	objectVersion = 46;
	objects = {

/* Begin PBXBuildFile section */
		C2FC64111D5554D80043F901 /* main.m in Sources */ = {isa = PBXBuildFile; fileRef = C2FC64101D5554D80043F901 /* main.m */; };
		C2FC64141D5554D80043F901 /* AppDelegate.m in Sources */ = {isa = PBXBuildFile; fileRef = C2FC64131D5554D80043F901 /* AppDelegate.m */; };
		C2FC64171D5554D80043F901 /* ViewController.m in Sources */ = {isa = PBXBuildFile; fileRef = C2FC64161D5554D80043F901 /* ViewController.m */; };
		C2FC641A1D5554D80043F901 /* Main.storyboard in Resources */ = {isa = PBXBuildFile; fileRef = C2FC64181D5554D80043F901 /* Main.storyboard */; };
		C2FC641C1D5554D80043F901 /* Assets.xcassets in Resources */ = {isa = PBXBuildFile; fileRef = C2FC641B1D5554D80043F901 /* Assets.xcassets */; };
		C2FC641F1D5554D80043F901 /* LaunchScreen.storyboard in Resources */ = {isa = PBXBuildFile; fileRef = C2FC641D1D5554D80043F901 /* LaunchScreen.storyboard */; };
		C2FC642A1D5554D80043F901 /* landonHotelTests.m in Sources */ = {isa = PBXBuildFile; fileRef = C2FC64291D5554D80043F901 /* landonHotelTests.m */; };
		C2FC64351D5554D80043F901 /* landonHotelUITests.m in Sources */ = {isa = PBXBuildFile; fileRef = C2FC64341D5554D80043F901 /* landonHotelUITests.m */; };
/* End PBXBuildFile section */

/* Begin PBXContainerItemProxy section */
		C2FC64261D5554D80043F901 /* PBXContainerItemProxy */ = {
			isa = PBXContainerItemProxy;
			containerPortal = C2FC64041D5554D80043F901 /* Project object */;
			proxyType = 1;
			remoteGlobalIDString = C2FC640B1D5554D80043F901;
			remoteInfo = landonHotel;
		};
		C2FC64311D5554D80043F901 /* PBXContainerItemProxy */ = {
			isa = PBXContainerItemProxy;
			containerPortal = C2FC64041D5554D80043F901 /* Project object */;
			proxyType = 1;
			remoteGlobalIDString = C2FC640B1D5554D80043F901;
			remoteInfo = landonHotel;
		};
/* End PBXContainerItemProxy section */

/* Begin PBXFileReference section */
		C2FC640C1D5554D80043F901 /* landonHotel.app */ = {isa = PBXFileReference; explicitFileType = wrapper.application; includeInIndex = 0; path = landonHotel.app; sourceTree = BUILT_PRODUCTS_DIR; };
		C2FC64101D5554D80043F901 /* main.m */ = {isa = PBXFileReference; lastKnownFileType = sourcecode.c.objc; path = main.m; sourceTree = "<group>"; };
		C2FC64121D5554D80043F901 /* AppDelegate.h */ = {isa = PBXFileReference; lastKnownFileType = sourcecode.c.h; path = AppDelegate.h; sourceTree = "<group>"; };
		C2FC64131D5554D80043F901 /* AppDelegate.m */ = {isa = PBXFileReference; lastKnownFileType = sourcecode.c.objc; path = AppDelegate.m; sourceTree = "<group>"; };
		C2FC64151D5554D80043F901 /* ViewController.h */ = {isa = PBXFileReference; lastKnownFileType = sourcecode.c.h; path = ViewController.h; sourceTree = "<group>"; };
		C2FC64161D5554D80043F901 /* ViewController.m */ = {isa = PBXFileReference; lastKnownFileType = sourcecode.c.objc; path = ViewController.m; sourceTree = "<group>"; };
		C2FC64191D5554D80043F901 /* Base */ = {isa = PBXFileReference; lastKnownFileType = file.storyboard; name = Base; path = Base.lproj/Main.storyboard; sourceTree = "<group>"; };
		C2FC641B1D5554D80043F901 /* Assets.xcassets */ = {isa = PBXFileReference; lastKnownFileType = folder.assetcatalog; path = Assets.xcassets; sourceTree = "<group>"; };
		C2FC641E1D5554D80043F901 /* Base */ = {isa = PBXFileReference; lastKnownFileType = file.storyboard; name = Base; path = Base.lproj/LaunchScreen.storyboard; sourceTree = "<group>"; };
		C2FC64201D5554D80043F901 /* Info.plist */ = {isa = PBXFileReference; lastKnownFileType = text.plist.xml; path = Info.plist; sourceTree = "<group>"; };
		C2FC64251D5554D80043F901 /* landonHotelTests.xctest */ = {isa = PBXFileReference; explicitFileType = wrapper.cfbundle; includeInIndex = 0; path = landonHotelTests.xctest; sourceTree = BUILT_PRODUCTS_DIR; };
		C2FC64291D5554D80043F901 /* landonHotelTests.m */ = {isa = PBXFileReference; lastKnownFileType = sourcecode.c.objc; path = landonHotelTests.m; sourceTree = "<group>"; };
		C2FC642B1D5554D80043F901 /* Info.plist */ = {isa = PBXFileReference; lastKnownFileType = text.plist.xml; path = Info.plist; sourceTree = "<group>"; };
		C2FC64301D5554D80043F901 /* landonHotelUITests.xctest */ = {isa = PBXFileReference; explicitFileType = wrapper.cfbundle; includeInIndex = 0; path = landonHotelUITests.xctest; sourceTree = BUILT_PRODUCTS_DIR; };
		C2FC64341D5554D80043F901 /* landonHotelUITests.m */ = {isa = PBXFileReference; lastKnownFileType = sourcecode.c.objc; path = landonHotelUITests.m; sourceTree = "<group>"; };
		C2FC64361D5554D80043F901 /* Info.plist */ = {isa = PBXFileReference; lastKnownFileType = text.plist.xml; path = Info.plist; sourceTree = "<group>"; };
/* End PBXFileReference section */

/* Begin PBXFrameworksBuildPhase section */
		C2FC64091D5554D80043F901 /* Frameworks */ = {
			isa = PBXFrameworksBuildPhase;
			buildActionMask = 2147483647;
			files = (
			);
			runOnlyForDeploymentPostprocessing = 0;
		};
		C2FC64221D5554D80043F901 /* Frameworks */ = {
			isa = PBXFrameworksBuildPhase;
			buildActionMask = 2147483647;
			files = (
			);
			runOnlyForDeploymentPostprocessing = 0;
		};
		C2FC642D1D5554D80043F901 /* Frameworks */ = {
			isa = PBXFrameworksBuildPhase;
			buildActionMask = 2147483647;
			files = (
			);
			runOnlyForDeploymentPostprocessing = 0;
		};
/* End PBXFrameworksBuildPhase section */

/* Begin PBXGroup section */
		C2FC64031D5554D80043F901 = {
			isa = PBXGroup;
			children = (
				C2FC640E1D5554D80043F901 /* landonHotel */,
				C2FC64281D5554D80043F901 /* landonHotelTests */,
				C2FC64331D5554D80043F901 /* landonHotelUITests */,
				C2FC640D1D5554D80043F901 /* Products */,
			);
			sourceTree = "<group>";
		};
		C2FC640D1D5554D80043F901 /* Products */ = {
			isa = PBXGroup;
			children = (
				C2FC640C1D5554D80043F901 /* landonHotel.app */,
				C2FC64251D5554D80043F901 /* landonHotelTests.xctest */,
				C2FC64301D5554D80043F901 /* landonHotelUITests.xctest */,
			);
			name = Products;
			sourceTree = "<group>";
		};
		C2FC640E1D5554D80043F901 /* landonHotel */ = {
			isa = PBXGroup;
			children = (
				C2FC64121D5554D80043F901 /* AppDelegate.h */,
				C2FC64131D5554D80043F901 /* AppDelegate.m */,
				C2FC64151D5554D80043F901 /* ViewController.h */,
				C2FC64161D5554D80043F901 /* ViewController.m */,
				C2FC64181D5554D80043F901 /* Main.storyboard */,
				C2FC641B1D5554D80043F901 /* Assets.xcassets */,
				C2FC641D1D5554D80043F901 /* LaunchScreen.storyboard */,
				C2FC64201D5554D80043F901 /* Info.plist */,
				C2FC640F1D5554D80043F901 /* Supporting Files */,
			);
			path = landonHotel;
			sourceTree = "<group>";
		};
		C2FC640F1D5554D80043F901 /* Supporting Files */ = {
			isa = PBXGroup;
			children = (
				C2FC64101D5554D80043F901 /* main.m */,
			);
			name = "Supporting Files";
			sourceTree = "<group>";
		};
		C2FC64281D5554D80043F901 /* landonHotelTests */ = {
			isa = PBXGroup;
			children = (
				C2FC64291D5554D80043F901 /* landonHotelTests.m */,
				C2FC642B1D5554D80043F901 /* Info.plist */,
			);
			path = landonHotelTests;
			sourceTree = "<group>";
		};
		C2FC64331D5554D80043F901 /* landonHotelUITests */ = {
			isa = PBXGroup;
			children = (
				C2FC64341D5554D80043F901 /* landonHotelUITests.m */,
				C2FC64361D5554D80043F901 /* Info.plist */,
			);
			path = landonHotelUITests;
			sourceTree = "<group>";
		};
/* End PBXGroup section */

/* Begin PBXNativeTarget section */
		C2FC640B1D5554D80043F901 /* landonHotel */ = {
			isa = PBXNativeTarget;
			buildConfigurationList = C2FC64391D5554D80043F901 /* Build configuration list for PBXNativeTarget "landonHotel" */;
			buildPhases = (
				C2FC64081D5554D80043F901 /* Sources */,
				C2FC64091D5554D80043F901 /* Frameworks */,
				C2FC640A1D5554D80043F901 /* Resources */,
			);
			buildRules = (
			);
			dependencies = (
			);
			name = landonHotel;
			productName = landonHotel;
			productReference = C2FC640C1D5554D80043F901 /* landonHotel.app */;
			productType = "com.apple.product-type.application";
		};
		C2FC64241D5554D80043F901 /* landonHotelTests */ = {
			isa = PBXNativeTarget;
			buildConfigurationList = C2FC643C1D5554D80043F901 /* Build configuration list for PBXNativeTarget "landonHotelTests" */;
			buildPhases = (
				C2FC64211D5554D80043F901 /* Sources */,
				C2FC64221D5554D80043F901 /* Frameworks */,
				C2FC64231D5554D80043F901 /* Resources */,
			);
			buildRules = (
			);
			dependencies = (
				C2FC64271D5554D80043F901 /* PBXTargetDependency */,
			);
			name = landonHotelTests;
			productName = landonHotelTests;
			productReference = C2FC64251D5554D80043F901 /* landonHotelTests.xctest */;
			productType = "com.apple.product-type.bundle.unit-test";
		};
		C2FC642F1D5554D80043F901 /* landonHotelUITests */ = {
			isa = PBXNativeTarget;
			buildConfigurationList = C2FC643F1D5554D80043F901 /* Build configuration list for PBXNativeTarget "landonHotelUITests" */;
			buildPhases = (
				C2FC642C1D5554D80043F901 /* Sources */,
				C2FC642D1D5554D80043F901 /* Frameworks */,
				C2FC642E1D5554D80043F901 /* Resources */,
			);
			buildRules = (
			);
			dependencies = (
				C2FC64321D5554D80043F901 /* PBXTargetDependency */,
			);
			name = landonHotelUITests;
			productName = landonHotelUITests;
			productReference = C2FC64301D5554D80043F901 /* landonHotelUITests.xctest */;
			productType = "com.apple.product-type.bundle.ui-testing";
		};
/* End PBXNativeTarget section */

/* Begin PBXProject section */
		C2FC64041D5554D80043F901 /* Project object */ = {
			isa = PBXProject;
			attributes = {
				LastUpgradeCheck = 0730;
				ORGANIZATIONNAME = "Renata Phillippi";
				TargetAttributes = {
					C2FC640B1D5554D80043F901 = {
						CreatedOnToolsVersion = 7.3.1;
					};
					C2FC64241D5554D80043F901 = {
						CreatedOnToolsVersion = 7.3.1;
						TestTargetID = C2FC640B1D5554D80043F901;
					};
					C2FC642F1D5554D80043F901 = {
						CreatedOnToolsVersion = 7.3.1;
						TestTargetID = C2FC640B1D5554D80043F901;
					};
				};
			};
			buildConfigurationList = C2FC64071D5554D80043F901 /* Build configuration list for PBXProject "landonHotel" */;
			compatibilityVersion = "Xcode 3.2";
			developmentRegion = English;
			hasScannedForEncodings = 0;
			knownRegions = (
				en,
				Base,
			);
			mainGroup = C2FC64031D5554D80043F901;
			productRefGroup = C2FC640D1D5554D80043F901 /* Products */;
			projectDirPath = "";
			projectRoot = "";
			targets = (
				C2FC640B1D5554D80043F901 /* landonHotel */,
				C2FC64241D5554D80043F901 /* landonHotelTests */,
				C2FC642F1D5554D80043F901 /* landonHotelUITests */,
			);
		};
/* End PBXProject section */

/* Begin PBXResourcesBuildPhase section */
		C2FC640A1D5554D80043F901 /* Resources */ = {
			isa = PBXResourcesBuildPhase;
			buildActionMask = 2147483647;
			files = (
				C2FC641F1D5554D80043F901 /* LaunchScreen.storyboard in Resources */,
				C2FC641C1D5554D80043F901 /* Assets.xcassets in Resources */,
				C2FC641A1D5554D80043F901 /* Main.storyboard in Resources */,
			);
			runOnlyForDeploymentPostprocessing = 0;
		};
		C2FC64231D5554D80043F901 /* Resources */ = {
			isa = PBXResourcesBuildPhase;
			buildActionMask = 2147483647;
			files = (
			);
			runOnlyForDeploymentPostprocessing = 0;
		};
		C2FC642E1D5554D80043F901 /* Resources */ = {
			isa = PBXResourcesBuildPhase;
			buildActionMask = 2147483647;
			files = (
			);
			runOnlyForDeploymentPostprocessing = 0;
		};
/* End PBXResourcesBuildPhase section */

/* Begin PBXSourcesBuildPhase section */
		C2FC64081D5554D80043F901 /* Sources */ = {
			isa = PBXSourcesBuildPhase;
			buildActionMask = 2147483647;
			files = (
				C2FC64171D5554D80043F901 /* ViewController.m in Sources */,
				C2FC64141D5554D80043F901 /* AppDelegate.m in Sources */,
				C2FC64111D5554D80043F901 /* main.m in Sources */,
			);
			runOnlyForDeploymentPostprocessing = 0;
		};
		C2FC64211D5554D80043F901 /* Sources */ = {
			isa = PBXSourcesBuildPhase;
			buildActionMask = 2147483647;
			files = (
				C2FC642A1D5554D80043F901 /* landonHotelTests.m in Sources */,
			);
			runOnlyForDeploymentPostprocessing = 0;
		};
		C2FC642C1D5554D80043F901 /* Sources */ = {
			isa = PBXSourcesBuildPhase;
			buildActionMask = 2147483647;
			files = (
				C2FC64351D5554D80043F901 /* landonHotelUITests.m in Sources */,
			);
			runOnlyForDeploymentPostprocessing = 0;
		};
/* End PBXSourcesBuildPhase section */

/* Begin PBXTargetDependency section */
		C2FC64271D5554D80043F901 /* PBXTargetDependency */ = {
			isa = PBXTargetDependency;
			target = C2FC640B1D5554D80043F901 /* landonHotel */;
			targetProxy = C2FC64261D5554D80043F901 /* PBXContainerItemProxy */;
		};
		C2FC64321D5554D80043F901 /* PBXTargetDependency */ = {
			isa = PBXTargetDependency;
			target = C2FC640B1D5554D80043F901 /* landonHotel */;
			targetProxy = C2FC64311D5554D80043F901 /* PBXContainerItemProxy */;
		};
/* End PBXTargetDependency section */

/* Begin PBXVariantGroup section */
		C2FC64181D5554D80043F901 /* Main.storyboard */ = {
			isa = PBXVariantGroup;
			children = (
				C2FC64191D5554D80043F901 /* Base */,
			);
			name = Main.storyboard;
			sourceTree = "<group>";
		};
		C2FC641D1D5554D80043F901 /* LaunchScreen.storyboard */ = {
			isa = PBXVariantGroup;
			children = (
				C2FC641E1D5554D80043F901 /* Base */,
			);
			name = LaunchScreen.storyboard;
			sourceTree = "<group>";
		};
/* End PBXVariantGroup section */

/* Begin XCBuildConfiguration section */
		C2FC64371D5554D80043F901 /* Debug */ = {
			isa = XCBuildConfiguration;
			buildSettings = {
				ALWAYS_SEARCH_USER_PATHS = NO;
				CLANG_ANALYZER_NONNULL = YES;
				CLANG_CXX_LANGUAGE_STANDARD = "gnu++0x";
				CLANG_CXX_LIBRARY = "libc++";
				CLANG_ENABLE_MODULES = YES;
				CLANG_ENABLE_OBJC_ARC = YES;
				CLANG_WARN_BOOL_CONVERSION = YES;
				CLANG_WARN_CONSTANT_CONVERSION = YES;
				CLANG_WARN_DIRECT_OBJC_ISA_USAGE = YES_ERROR;
				CLANG_WARN_EMPTY_BODY = YES;
				CLANG_WARN_ENUM_CONVERSION = YES;
				CLANG_WARN_INT_CONVERSION = YES;
				CLANG_WARN_OBJC_ROOT_CLASS = YES_ERROR;
				CLANG_WARN_UNREACHABLE_CODE = YES;
				CLANG_WARN__DUPLICATE_METHOD_MATCH = YES;
				"CODE_SIGN_IDENTITY[sdk=iphoneos*]" = "iPhone Developer";
				COPY_PHASE_STRIP = NO;
				DEBUG_INFORMATION_FORMAT = dwarf;
				ENABLE_STRICT_OBJC_MSGSEND = YES;
				ENABLE_TESTABILITY = YES;
				GCC_C_LANGUAGE_STANDARD = gnu99;
				GCC_DYNAMIC_NO_PIC = NO;
				GCC_NO_COMMON_BLOCKS = YES;
				GCC_OPTIMIZATION_LEVEL = 0;
				GCC_PREPROCESSOR_DEFINITIONS = (
					"DEBUG=1",
					"$(inherited)",
				);
				GCC_WARN_64_TO_32_BIT_CONVERSION = YES;
				GCC_WARN_ABOUT_RETURN_TYPE = YES_ERROR;
				GCC_WARN_UNDECLARED_SELECTOR = YES;
				GCC_WARN_UNINITIALIZED_AUTOS = YES_AGGRESSIVE;
				GCC_WARN_UNUSED_FUNCTION = YES;
				GCC_WARN_UNUSED_VARIABLE = YES;
				IPHONEOS_DEPLOYMENT_TARGET = 9.3;
				MTL_ENABLE_DEBUG_INFO = YES;
				ONLY_ACTIVE_ARCH = YES;
				SDKROOT = iphoneos;
				TARGETED_DEVICE_FAMILY = "1,2";
			};
			name = Debug;
		};
		C2FC64381D5554D80043F901 /* Release */ = {
			isa = XCBuildConfiguration;
			buildSettings = {
				ALWAYS_SEARCH_USER_PATHS = NO;
				CLANG_ANALYZER_NONNULL = YES;
				CLANG_CXX_LANGUAGE_STANDARD = "gnu++0x";
				CLANG_CXX_LIBRARY = "libc++";
				CLANG_ENABLE_MODULES = YES;
				CLANG_ENABLE_OBJC_ARC = YES;
				CLANG_WARN_BOOL_CONVERSION = YES;
				CLANG_WARN_CONSTANT_CONVERSION = YES;
				CLANG_WARN_DIRECT_OBJC_ISA_USAGE = YES_ERROR;
				CLANG_WARN_EMPTY_BODY = YES;
				CLANG_WARN_ENUM_CONVERSION = YES;
				CLANG_WARN_INT_CONVERSION = YES;
				CLANG_WARN_OBJC_ROOT_CLASS = YES_ERROR;
				CLANG_WARN_UNREACHABLE_CODE = YES;
				CLANG_WARN__DUPLICATE_METHOD_MATCH = YES;
				"CODE_SIGN_IDENTITY[sdk=iphoneos*]" = "iPhone Developer";
				COPY_PHASE_STRIP = NO;
				DEBUG_INFORMATION_FORMAT = "dwarf-with-dsym";
				ENABLE_NS_ASSERTIONS = NO;
				ENABLE_STRICT_OBJC_MSGSEND = YES;
				GCC_C_LANGUAGE_STANDARD = gnu99;
				GCC_NO_COMMON_BLOCKS = YES;
				GCC_WARN_64_TO_32_BIT_CONVERSION = YES;
				GCC_WARN_ABOUT_RETURN_TYPE = YES_ERROR;
				GCC_WARN_UNDECLARED_SELECTOR = YES;
				GCC_WARN_UNINITIALIZED_AUTOS = YES_AGGRESSIVE;
				GCC_WARN_UNUSED_FUNCTION = YES;
				GCC_WARN_UNUSED_VARIABLE = YES;
				IPHONEOS_DEPLOYMENT_TARGET = 9.3;
				MTL_ENABLE_DEBUG_INFO = NO;
				SDKROOT = iphoneos;
				TARGETED_DEVICE_FAMILY = "1,2";
				VALIDATE_PRODUCT = YES;
			};
			name = Release;
		};
		C2FC643A1D5554D80043F901 /* Debug */ = {
			isa = XCBuildConfiguration;
			buildSettings = {
				ASSETCATALOG_COMPILER_APPICON_NAME = AppIcon;
				INFOPLIST_FILE = landonHotel/Info.plist;
				LD_RUNPATH_SEARCH_PATHS = "$(inherited) @executable_path/Frameworks";
				PRODUCT_BUNDLE_IDENTIFIER = landon.landonHotel;
				PRODUCT_NAME = "$(TARGET_NAME)";
			};
			name = Debug;
		};
		C2FC643B1D5554D80043F901 /* Release */ = {
			isa = XCBuildConfiguration;
			buildSettings = {
				ASSETCATALOG_COMPILER_APPICON_NAME = AppIcon;
				INFOPLIST_FILE = landonHotel/Info.plist;
				LD_RUNPATH_SEARCH_PATHS = "$(inherited) @executable_path/Frameworks";
				PRODUCT_BUNDLE_IDENTIFIER = landon.landonHotel;
				PRODUCT_NAME = "$(TARGET_NAME)";
			};
			name = Release;
		};
		C2FC643D1D5554D80043F901 /* Debug */ = {
			isa = XCBuildConfiguration;
			buildSettings = {
				BUNDLE_LOADER = "$(TEST_HOST)";
				INFOPLIST_FILE = landonHotelTests/Info.plist;
				LD_RUNPATH_SEARCH_PATHS = "$(inherited) @executable_path/Frameworks @loader_path/Frameworks";
				PRODUCT_BUNDLE_IDENTIFIER = landon.landonHotelTests;
				PRODUCT_NAME = "$(TARGET_NAME)";
				TEST_HOST = "$(BUILT_PRODUCTS_DIR)/landonHotel.app/landonHotel";
			};
			name = Debug;
		};
		C2FC643E1D5554D80043F901 /* Release */ = {
			isa = XCBuildConfiguration;
			buildSettings = {
				BUNDLE_LOADER = "$(TEST_HOST)";
				INFOPLIST_FILE = landonHotelTests/Info.plist;
				LD_RUNPATH_SEARCH_PATHS = "$(inherited) @executable_path/Frameworks @loader_path/Frameworks";
				PRODUCT_BUNDLE_IDENTIFIER = landon.landonHotelTests;
				PRODUCT_NAME = "$(TARGET_NAME)";
				TEST_HOST = "$(BUILT_PRODUCTS_DIR)/landonHotel.app/landonHotel";
			};
			name = Release;
		};
		C2FC64401D5554D80043F901 /* Debug */ = {
			isa = XCBuildConfiguration;
			buildSettings = {
				INFOPLIST_FILE = landonHotelUITests/Info.plist;
				LD_RUNPATH_SEARCH_PATHS = "$(inherited) @executable_path/Frameworks @loader_path/Frameworks";
				PRODUCT_BUNDLE_IDENTIFIER = landon.landonHotelUITests;
				PRODUCT_NAME = "$(TARGET_NAME)";
				TEST_TARGET_NAME = landonHotel;
			};
			name = Debug;
		};
		C2FC64411D5554D80043F901 /* Release */ = {
			isa = XCBuildConfiguration;
			buildSettings = {
				INFOPLIST_FILE = landonHotelUITests/Info.plist;
				LD_RUNPATH_SEARCH_PATHS = "$(inherited) @executable_path/Frameworks @loader_path/Frameworks";
				PRODUCT_BUNDLE_IDENTIFIER = landon.landonHotelUITests;
				PRODUCT_NAME = "$(TARGET_NAME)";
				TEST_TARGET_NAME = landonHotel;
			};
			name = Release;
		};
/* End XCBuildConfiguration section */

/* Begin XCConfigurationList section */
		C2FC64071D5554D80043F901 /* Build configuration list for PBXProject "landonHotel" */ = {
			isa = XCConfigurationList;
			buildConfigurations = (
				C2FC64371D5554D80043F901 /* Debug */,
				C2FC64381D5554D80043F901 /* Release */,
			);
			defaultConfigurationIsVisible = 0;
			defaultConfigurationName = Release;
		};
		C2FC64391D5554D80043F901 /* Build configuration list for PBXNativeTarget "landonHotel" */ = {
			isa = XCConfigurationList;
			buildConfigurations = (
				C2FC643A1D5554D80043F901 /* Debug */,
				C2FC643B1D5554D80043F901 /* Release */,
			);
			defaultConfigurationIsVisible = 0;
		};
		C2FC643C1D5554D80043F901 /* Build configuration list for PBXNativeTarget "landonHotelTests" */ = {
			isa = XCConfigurationList;
			buildConfigurations = (
				C2FC643D1D5554D80043F901 /* Debug */,
				C2FC643E1D5554D80043F901 /* Release */,
			);
			defaultConfigurationIsVisible = 0;
		};
		C2FC643F1D5554D80043F901 /* Build configuration list for PBXNativeTarget "landonHotelUITests" */ = {
			isa = XCConfigurationList;
			buildConfigurations = (
				C2FC64401D5554D80043F901 /* Debug */,
				C2FC64411D5554D80043F901 /* Release */,
			);
			defaultConfigurationIsVisible = 0;
		};
/* End XCConfigurationList section */
	};
	rootObject = C2FC64041D5554D80043F901 /* Project object */;
}
